// !$*UTF8*$!
{
	archiveVersion = 1;
	classes = {
	};
	objectVersion = 56;
	objects = {

/* Begin PBXBuildFile section */
		892D5F0829924C54002D0248 /* GenerateImageService.swift in Sources */ = {isa = PBXBuildFile; fileRef = 892D5F0729924C54002D0248 /* GenerateImageService.swift */; };
		894FD6F929A4FB390078233F /* FileManagerService.swift in Sources */ = {isa = PBXBuildFile; fileRef = 894FD6F829A4FB390078233F /* FileManagerService.swift */; };
		897D8A4C29A65FA800B6BE3E /* UnitTestingSalwadorGenerateImageViewModel_Tests.swift in Sources */ = {isa = PBXBuildFile; fileRef = 897D8A4B29A65FA800B6BE3E /* UnitTestingSalwadorGenerateImageViewModel_Tests.swift */; };
		8984FD7829A6457D00749ACD /* ImageGenerationRequestPayload.swift in Sources */ = {isa = PBXBuildFile; fileRef = 8984FD7529A6457C00749ACD /* ImageGenerationRequestPayload.swift */; };
		8984FD7929A6457D00749ACD /* APIJSONModel.swift in Sources */ = {isa = PBXBuildFile; fileRef = 8984FD7629A6457D00749ACD /* APIJSONModel.swift */; };
		8984FD7A29A6457D00749ACD /* ImageGenerationResponsePayload.swift in Sources */ = {isa = PBXBuildFile; fileRef = 8984FD7729A6457D00749ACD /* ImageGenerationResponsePayload.swift */; };
		8984FD8F29A647E600749ACD /* UnitTestingSalwadorFilemanager_Tests.swift in Sources */ = {isa = PBXBuildFile; fileRef = 8984FD8E29A647E600749ACD /* UnitTestingSalwadorFilemanager_Tests.swift */; };
		8984FD9529A6488C00749ACD /* FileManagerService.swift in Sources */ = {isa = PBXBuildFile; fileRef = 894FD6F829A4FB390078233F /* FileManagerService.swift */; };
		89A7E5D729ACF65100A25AAF /* SamplePromptGenerationService.swift in Sources */ = {isa = PBXBuildFile; fileRef = 89A7E5D629ACF65100A25AAF /* SamplePromptGenerationService.swift */; };
		89A7E5D929ACFB7800A25AAF /* Photo.swift in Sources */ = {isa = PBXBuildFile; fileRef = 89A7E5D829ACFB7800A25AAF /* Photo.swift */; };
		89A7E5DB29ACFC7400A25AAF /* PopListView.swift in Sources */ = {isa = PBXBuildFile; fileRef = 89A7E5DA29ACFC7400A25AAF /* PopListView.swift */; };
		89A7E5DE29B0998000A25AAF /* GenerateImageView+LoadingView.swift in Sources */ = {isa = PBXBuildFile; fileRef = 89A7E5DD29B0998000A25AAF /* GenerateImageView+LoadingView.swift */; };
		89AE0E05299E6FBC005DAEA5 /* GenerateImageViewModel.swift in Sources */ = {isa = PBXBuildFile; fileRef = 89AE0E04299E6FBC005DAEA5 /* GenerateImageViewModel.swift */; };
		89AE0E0A299E7279005DAEA5 /* GenerateImageView.swift in Sources */ = {isa = PBXBuildFile; fileRef = 89AE83882989066F00683743 /* GenerateImageView.swift */; };
		89AE83872989066F00683743 /* SalwadorApp.swift in Sources */ = {isa = PBXBuildFile; fileRef = 89AE83862989066F00683743 /* SalwadorApp.swift */; };
		89AE838B2989067100683743 /* Assets.xcassets in Resources */ = {isa = PBXBuildFile; fileRef = 89AE838A2989067100683743 /* Assets.xcassets */; };
		89AE838F2989067100683743 /* Preview Assets.xcassets in Resources */ = {isa = PBXBuildFile; fileRef = 89AE838E2989067100683743 /* Preview Assets.xcassets */; };
		89CDB3462993DAE9001E72A5 /* LaunchScreen.storyboard in Resources */ = {isa = PBXBuildFile; fileRef = 89CDB3452993DAE9001E72A5 /* LaunchScreen.storyboard */; };
		89E01FC729B2319700DF0135 /* APIKey.json in Resources */ = {isa = PBXBuildFile; fileRef = 89E01FC629B2319700DF0135 /* APIKey.json */; };
		89E01FC829B23B5C00DF0135 /* APIJSONModel.swift in Sources */ = {isa = PBXBuildFile; fileRef = 8984FD7629A6457D00749ACD /* APIJSONModel.swift */; };
		89F7C06429A66BE30028DFCB /* GenerateImageViewModel.swift in Sources */ = {isa = PBXBuildFile; fileRef = 89AE0E04299E6FBC005DAEA5 /* GenerateImageViewModel.swift */; };
		89F7C06529A66E580028DFCB /* APIJSONModel.swift in Sources */ = {isa = PBXBuildFile; fileRef = 8984FD7629A6457D00749ACD /* APIJSONModel.swift */; };
		89F7C06629A66E5D0028DFCB /* FileManagerService.swift in Sources */ = {isa = PBXBuildFile; fileRef = 894FD6F829A4FB390078233F /* FileManagerService.swift */; };
		89F7C06729A66E700028DFCB /* GenerateImageService.swift in Sources */ = {isa = PBXBuildFile; fileRef = 892D5F0729924C54002D0248 /* GenerateImageService.swift */; };
		89F7C06829A66EF70028DFCB /* ImageGenerationRequestPayload.swift in Sources */ = {isa = PBXBuildFile; fileRef = 8984FD7529A6457C00749ACD /* ImageGenerationRequestPayload.swift */; };
		89F7C06929A66EF90028DFCB /* ImageGenerationResponsePayload.swift in Sources */ = {isa = PBXBuildFile; fileRef = 8984FD7729A6457D00749ACD /* ImageGenerationResponsePayload.swift */; };
		89F7C07129A799DC0028DFCB /* GenerateSampleImageView.swift in Sources */ = {isa = PBXBuildFile; fileRef = 89F7C07029A799DC0028DFCB /* GenerateSampleImageView.swift */; };
		89F7C07529A90F6C0028DFCB /* AppNavigationView.swift in Sources */ = {isa = PBXBuildFile; fileRef = 89F7C07429A90F6C0028DFCB /* AppNavigationView.swift */; };
/* End PBXBuildFile section */

/* Begin PBXContainerItemProxy section */
		897D8A4D29A65FA800B6BE3E /* PBXContainerItemProxy */ = {
			isa = PBXContainerItemProxy;
			containerPortal = 89AE837B2989066F00683743 /* Project object */;
			proxyType = 1;
			remoteGlobalIDString = 89AE83822989066F00683743;
			remoteInfo = Salwador;
		};
		8984FD9029A647E600749ACD /* PBXContainerItemProxy */ = {
			isa = PBXContainerItemProxy;
			containerPortal = 89AE837B2989066F00683743 /* Project object */;
			proxyType = 1;
			remoteGlobalIDString = 89AE83822989066F00683743;
			remoteInfo = Salwador;
		};
/* End PBXContainerItemProxy section */

/* Begin PBXFileReference section */
		892D5F0629916680002D0248 /* Info.plist */ = {isa = PBXFileReference; lastKnownFileType = text.plist.xml; path = Info.plist; sourceTree = "<group>"; };
		892D5F0729924C54002D0248 /* GenerateImageService.swift */ = {isa = PBXFileReference; lastKnownFileType = sourcecode.swift; path = GenerateImageService.swift; sourceTree = "<group>"; };
		894FD6F829A4FB390078233F /* FileManagerService.swift */ = {isa = PBXFileReference; lastKnownFileType = sourcecode.swift; path = FileManagerService.swift; sourceTree = "<group>"; };
		897D8A4929A65FA800B6BE3E /* UnitTestingSalwadorGenerateImageViewModel_Tests.xctest */ = {isa = PBXFileReference; explicitFileType = wrapper.cfbundle; includeInIndex = 0; path = UnitTestingSalwadorGenerateImageViewModel_Tests.xctest; sourceTree = BUILT_PRODUCTS_DIR; };
		897D8A4B29A65FA800B6BE3E /* UnitTestingSalwadorGenerateImageViewModel_Tests.swift */ = {isa = PBXFileReference; lastKnownFileType = sourcecode.swift; path = UnitTestingSalwadorGenerateImageViewModel_Tests.swift; sourceTree = "<group>"; };
		8984FD7529A6457C00749ACD /* ImageGenerationRequestPayload.swift */ = {isa = PBXFileReference; fileEncoding = 4; lastKnownFileType = sourcecode.swift; name = ImageGenerationRequestPayload.swift; path = Salwador/Models/ImageGenerationRequestPayload.swift; sourceTree = SOURCE_ROOT; };
		8984FD7629A6457D00749ACD /* APIJSONModel.swift */ = {isa = PBXFileReference; fileEncoding = 4; lastKnownFileType = sourcecode.swift; name = APIJSONModel.swift; path = Salwador/Models/APIJSONModel.swift; sourceTree = SOURCE_ROOT; };
		8984FD7729A6457D00749ACD /* ImageGenerationResponsePayload.swift */ = {isa = PBXFileReference; fileEncoding = 4; lastKnownFileType = sourcecode.swift; name = ImageGenerationResponsePayload.swift; path = Salwador/Models/ImageGenerationResponsePayload.swift; sourceTree = SOURCE_ROOT; };
		8984FD8C29A647E600749ACD /* UnitTestingSalwadorFilemanager_Tests.xctest */ = {isa = PBXFileReference; explicitFileType = wrapper.cfbundle; includeInIndex = 0; path = UnitTestingSalwadorFilemanager_Tests.xctest; sourceTree = BUILT_PRODUCTS_DIR; };
		8984FD8E29A647E600749ACD /* UnitTestingSalwadorFilemanager_Tests.swift */ = {isa = PBXFileReference; lastKnownFileType = sourcecode.swift; path = UnitTestingSalwadorFilemanager_Tests.swift; sourceTree = "<group>"; };
		89A7E5D629ACF65100A25AAF /* SamplePromptGenerationService.swift */ = {isa = PBXFileReference; lastKnownFileType = sourcecode.swift; path = SamplePromptGenerationService.swift; sourceTree = "<group>"; };
		89A7E5D829ACFB7800A25AAF /* Photo.swift */ = {isa = PBXFileReference; fileEncoding = 4; lastKnownFileType = sourcecode.swift; path = Photo.swift; sourceTree = "<group>"; };
		89A7E5DA29ACFC7400A25AAF /* PopListView.swift */ = {isa = PBXFileReference; lastKnownFileType = sourcecode.swift; path = PopListView.swift; sourceTree = "<group>"; };
		89A7E5DD29B0998000A25AAF /* GenerateImageView+LoadingView.swift */ = {isa = PBXFileReference; lastKnownFileType = sourcecode.swift; path = "GenerateImageView+LoadingView.swift"; sourceTree = "<group>"; };
		89AE0E04299E6FBC005DAEA5 /* GenerateImageViewModel.swift */ = {isa = PBXFileReference; lastKnownFileType = sourcecode.swift; path = GenerateImageViewModel.swift; sourceTree = "<group>"; };
		89AE83832989066F00683743 /* Salwador.app */ = {isa = PBXFileReference; explicitFileType = wrapper.application; includeInIndex = 0; path = Salwador.app; sourceTree = BUILT_PRODUCTS_DIR; };
		89AE83862989066F00683743 /* SalwadorApp.swift */ = {isa = PBXFileReference; lastKnownFileType = sourcecode.swift; path = SalwadorApp.swift; sourceTree = "<group>"; };
		89AE83882989066F00683743 /* GenerateImageView.swift */ = {isa = PBXFileReference; indentWidth = 20; lastKnownFileType = sourcecode.swift; path = GenerateImageView.swift; sourceTree = "<group>"; tabWidth = 20; usesTabs = 0; };
		89AE838A2989067100683743 /* Assets.xcassets */ = {isa = PBXFileReference; lastKnownFileType = folder.assetcatalog; path = Assets.xcassets; sourceTree = "<group>"; };
		89AE838C2989067100683743 /* Salwador.entitlements */ = {isa = PBXFileReference; lastKnownFileType = text.plist.entitlements; path = Salwador.entitlements; sourceTree = "<group>"; };
		89AE838E2989067100683743 /* Preview Assets.xcassets */ = {isa = PBXFileReference; lastKnownFileType = folder.assetcatalog; path = "Preview Assets.xcassets"; sourceTree = "<group>"; };
		89CDB3452993DAE9001E72A5 /* LaunchScreen.storyboard */ = {isa = PBXFileReference; lastKnownFileType = file.storyboard; name = LaunchScreen.storyboard; path = Salwador/Resources/LaunchScreen.storyboard; sourceTree = SOURCE_ROOT; };
		89E01FC629B2319700DF0135 /* APIKey.json */ = {isa = PBXFileReference; lastKnownFileType = text.json; path = APIKey.json; sourceTree = "<group>"; };
		89F7C07029A799DC0028DFCB /* GenerateSampleImageView.swift */ = {isa = PBXFileReference; lastKnownFileType = sourcecode.swift; path = GenerateSampleImageView.swift; sourceTree = "<group>"; };
		89F7C07429A90F6C0028DFCB /* AppNavigationView.swift */ = {isa = PBXFileReference; lastKnownFileType = sourcecode.swift; path = AppNavigationView.swift; sourceTree = "<group>"; usesTabs = 0; };
/* End PBXFileReference section */

/* Begin PBXFrameworksBuildPhase section */
		897D8A4629A65FA800B6BE3E /* Frameworks */ = {
			isa = PBXFrameworksBuildPhase;
			buildActionMask = 2147483647;
			files = (
			);
			runOnlyForDeploymentPostprocessing = 0;
		};
		8984FD8929A647E600749ACD /* Frameworks */ = {
			isa = PBXFrameworksBuildPhase;
			buildActionMask = 2147483647;
			files = (
			);
			runOnlyForDeploymentPostprocessing = 0;
		};
		89AE83802989066F00683743 /* Frameworks */ = {
			isa = PBXFrameworksBuildPhase;
			buildActionMask = 2147483647;
			files = (
			);
			runOnlyForDeploymentPostprocessing = 0;
		};
/* End PBXFrameworksBuildPhase section */

/* Begin PBXGroup section */
		897D8A4A29A65FA800B6BE3E /* UnitTestingSalwadorGenerateImageViewModel_Tests */ = {
			isa = PBXGroup;
			children = (
				897D8A4B29A65FA800B6BE3E /* UnitTestingSalwadorGenerateImageViewModel_Tests.swift */,
			);
			path = UnitTestingSalwadorGenerateImageViewModel_Tests;
			sourceTree = "<group>";
		};
		897D8A5529A6646900B6BE3E /* UIComponents */ = {
			isa = PBXGroup;
			children = (
				897D8A5629A6647D00B6BE3E /* GenerateImage */,
				8996F4BC299E206400E38E5C /* GenerateSampleImage */,
				89F7C07629A90F700028DFCB /* NavigationView */,
				89A7E5DC29ACFC7C00A25AAF /* PopListView */,
			);
			path = UIComponents;
			sourceTree = "<group>";
		};
		897D8A5629A6647D00B6BE3E /* GenerateImage */ = {
			isa = PBXGroup;
			children = (
				89AE83882989066F00683743 /* GenerateImageView.swift */,
				89A7E5DD29B0998000A25AAF /* GenerateImageView+LoadingView.swift */,
				89AE0E04299E6FBC005DAEA5 /* GenerateImageViewModel.swift */,
			);
			path = GenerateImage;
			sourceTree = "<group>";
		};
		8984FD6E29A644A800749ACD /* Models */ = {
			isa = PBXGroup;
			children = (
				8984FD7629A6457D00749ACD /* APIJSONModel.swift */,
				8984FD7529A6457C00749ACD /* ImageGenerationRequestPayload.swift */,
				8984FD7729A6457D00749ACD /* ImageGenerationResponsePayload.swift */,
				89A7E5D829ACFB7800A25AAF /* Photo.swift */,
			);
			path = Models;
			sourceTree = "<group>";
		};
		8984FD8D29A647E600749ACD /* UnitTestingSalwadorFilemanager_Tests */ = {
			isa = PBXGroup;
			children = (
				8984FD8E29A647E600749ACD /* UnitTestingSalwadorFilemanager_Tests.swift */,
			);
			path = UnitTestingSalwadorFilemanager_Tests;
			sourceTree = "<group>";
		};
		8996F4BC299E206400E38E5C /* GenerateSampleImage */ = {
			isa = PBXGroup;
			children = (
				89F7C07029A799DC0028DFCB /* GenerateSampleImageView.swift */,
			);
			path = GenerateSampleImage;
			sourceTree = "<group>";
		};
		8996F4BF299E291200E38E5C /* Resources */ = {
			isa = PBXGroup;
			children = (
				89CDB3452993DAE9001E72A5 /* LaunchScreen.storyboard */,
				89E01FC629B2319700DF0135 /* APIKey.json */,
				89AE838A2989067100683743 /* Assets.xcassets */,
			);
			path = Resources;
			sourceTree = "<group>";
		};
		89A7E5DC29ACFC7C00A25AAF /* PopListView */ = {
			isa = PBXGroup;
			children = (
				89A7E5DA29ACFC7400A25AAF /* PopListView.swift */,
			);
			path = PopListView;
			sourceTree = "<group>";
		};
		89AE837A2989066F00683743 = {
			isa = PBXGroup;
			children = (
				89AE83852989066F00683743 /* Salwador */,
				89AE83862989066F00683743 /* SalwadorApp.swift */,
				8984FD8D29A647E600749ACD /* UnitTestingSalwadorFilemanager_Tests */,
				897D8A4A29A65FA800B6BE3E /* UnitTestingSalwadorGenerateImageViewModel_Tests */,
				89AE83842989066F00683743 /* Products */,
			);
			sourceTree = "<group>";
		};
		89AE83842989066F00683743 /* Products */ = {
			isa = PBXGroup;
			children = (
				89AE83832989066F00683743 /* Salwador.app */,
				8984FD8C29A647E600749ACD /* UnitTestingSalwadorFilemanager_Tests.xctest */,
				897D8A4929A65FA800B6BE3E /* UnitTestingSalwadorGenerateImageViewModel_Tests.xctest */,
			);
			name = Products;
			sourceTree = "<group>";
		};
		89AE83852989066F00683743 /* Salwador */ = {
			isa = PBXGroup;
			children = (
				89AE838C2989067100683743 /* Salwador.entitlements */,
				892D5F0629916680002D0248 /* Info.plist */,
				89CDB3442992B454001E72A5 /* Services */,
				8984FD6E29A644A800749ACD /* Models */,
				897D8A5529A6646900B6BE3E /* UIComponents */,
				8996F4BF299E291200E38E5C /* Resources */,
				89AE838D2989067100683743 /* Preview Content */,
			);
			path = Salwador;
			sourceTree = "<group>";
		};
		89AE838D2989067100683743 /* Preview Content */ = {
			isa = PBXGroup;
			children = (
				89AE838E2989067100683743 /* Preview Assets.xcassets */,
			);
			path = "Preview Content";
			sourceTree = "<group>";
		};
		89CDB3442992B454001E72A5 /* Services */ = {
			isa = PBXGroup;
			children = (
				892D5F0729924C54002D0248 /* GenerateImageService.swift */,
				894FD6F829A4FB390078233F /* FileManagerService.swift */,
				89A7E5D629ACF65100A25AAF /* SamplePromptGenerationService.swift */,
			);
			path = Services;
			sourceTree = "<group>";
		};
		89F7C07629A90F700028DFCB /* NavigationView */ = {
			isa = PBXGroup;
			children = (
				89F7C07429A90F6C0028DFCB /* AppNavigationView.swift */,
			);
			path = NavigationView;
			sourceTree = "<group>";
		};
/* End PBXGroup section */

/* Begin PBXNativeTarget section */
		897D8A4829A65FA800B6BE3E /* UnitTestingSalwadorGenerateImageViewModel_Tests */ = {
			isa = PBXNativeTarget;
			buildConfigurationList = 897D8A4F29A65FA800B6BE3E /* Build configuration list for PBXNativeTarget "UnitTestingSalwadorGenerateImageViewModel_Tests" */;
			buildPhases = (
				897D8A4529A65FA800B6BE3E /* Sources */,
				897D8A4629A65FA800B6BE3E /* Frameworks */,
				897D8A4729A65FA800B6BE3E /* Resources */,
			);
			buildRules = (
			);
			dependencies = (
				897D8A4E29A65FA800B6BE3E /* PBXTargetDependency */,
			);
			name = UnitTestingSalwadorGenerateImageViewModel_Tests;
			productName = UnitTestingSalwadorGenerateImageViewModel_Tests;
			productReference = 897D8A4929A65FA800B6BE3E /* UnitTestingSalwadorGenerateImageViewModel_Tests.xctest */;
			productType = "com.apple.product-type.bundle.unit-test";
		};
		8984FD8B29A647E600749ACD /* UnitTestingSalwadorFilemanager_Tests */ = {
			isa = PBXNativeTarget;
			buildConfigurationList = 8984FD9229A647E600749ACD /* Build configuration list for PBXNativeTarget "UnitTestingSalwadorFilemanager_Tests" */;
			buildPhases = (
				8984FD8829A647E600749ACD /* Sources */,
				8984FD8929A647E600749ACD /* Frameworks */,
				8984FD8A29A647E600749ACD /* Resources */,
			);
			buildRules = (
			);
			dependencies = (
				8984FD9129A647E600749ACD /* PBXTargetDependency */,
			);
			name = UnitTestingSalwadorFilemanager_Tests;
			productName = UnitTestingSalwadorFilemanager_Tests;
			productReference = 8984FD8C29A647E600749ACD /* UnitTestingSalwadorFilemanager_Tests.xctest */;
			productType = "com.apple.product-type.bundle.unit-test";
		};
		89AE83822989066F00683743 /* Salwador */ = {
			isa = PBXNativeTarget;
			buildConfigurationList = 89AE83A82989067100683743 /* Build configuration list for PBXNativeTarget "Salwador" */;
			buildPhases = (
				89AE837F2989066F00683743 /* Sources */,
				89AE83802989066F00683743 /* Frameworks */,
				89AE83812989066F00683743 /* Resources */,
				899D23AF2992AAE500494C9A /* SwiftFormat */,
			);
			buildRules = (
			);
			dependencies = (
			);
			name = Salwador;
			productName = Salwador;
			productReference = 89AE83832989066F00683743 /* Salwador.app */;
			productType = "com.apple.product-type.application";
		};
/* End PBXNativeTarget section */

/* Begin PBXProject section */
		89AE837B2989066F00683743 /* Project object */ = {
			isa = PBXProject;
			attributes = {
				BuildIndependentTargetsInParallel = 1;
				LastSwiftUpdateCheck = 1420;
				LastUpgradeCheck = 1420;
				TargetAttributes = {
					897D8A4829A65FA800B6BE3E = {
						CreatedOnToolsVersion = 14.2;
						TestTargetID = 89AE83822989066F00683743;
					};
					8984FD8B29A647E600749ACD = {
						CreatedOnToolsVersion = 14.2;
						TestTargetID = 89AE83822989066F00683743;
					};
					89AE83822989066F00683743 = {
						CreatedOnToolsVersion = 14.2;
					};
				};
			};
			buildConfigurationList = 89AE837E2989066F00683743 /* Build configuration list for PBXProject "Salwador" */;
			compatibilityVersion = "Xcode 14.0";
			developmentRegion = en;
			hasScannedForEncodings = 0;
			knownRegions = (
				en,
				Base,
			);
			mainGroup = 89AE837A2989066F00683743;
			productRefGroup = 89AE83842989066F00683743 /* Products */;
			projectDirPath = "";
			projectRoot = "";
			targets = (
				89AE83822989066F00683743 /* Salwador */,
				8984FD8B29A647E600749ACD /* UnitTestingSalwadorFilemanager_Tests */,
				897D8A4829A65FA800B6BE3E /* UnitTestingSalwadorGenerateImageViewModel_Tests */,
			);
		};
/* End PBXProject section */

/* Begin PBXResourcesBuildPhase section */
		897D8A4729A65FA800B6BE3E /* Resources */ = {
			isa = PBXResourcesBuildPhase;
			buildActionMask = 2147483647;
			files = (
			);
			runOnlyForDeploymentPostprocessing = 0;
		};
		8984FD8A29A647E600749ACD /* Resources */ = {
			isa = PBXResourcesBuildPhase;
			buildActionMask = 2147483647;
			files = (
			);
			runOnlyForDeploymentPostprocessing = 0;
		};
		89AE83812989066F00683743 /* Resources */ = {
			isa = PBXResourcesBuildPhase;
			buildActionMask = 2147483647;
			files = (
				89CDB3462993DAE9001E72A5 /* LaunchScreen.storyboard in Resources */,
				89E01FC729B2319700DF0135 /* APIKey.json in Resources */,
				89AE838F2989067100683743 /* Preview Assets.xcassets in Resources */,
				89AE838B2989067100683743 /* Assets.xcassets in Resources */,
			);
			runOnlyForDeploymentPostprocessing = 0;
		};
/* End PBXResourcesBuildPhase section */

/* Begin PBXShellScriptBuildPhase section */
		899D23AF2992AAE500494C9A /* SwiftFormat */ = {
			isa = PBXShellScriptBuildPhase;
			buildActionMask = 2147483647;
			files = (
			);
			inputFileListPaths = (
			);
			inputPaths = (
			);
			name = SwiftFormat;
			outputFileListPaths = (
			);
			outputPaths = (
			);
			runOnlyForDeploymentPostprocessing = 0;
			shellPath = /bin/sh;
			shellScript = "if which swiftformat >/dev/null; then\nswiftformat .\nelse \necho \"Warning: SwiftFormat is not installed\"\nfi\n";
		};
/* End PBXShellScriptBuildPhase section */

/* Begin PBXSourcesBuildPhase section */
		897D8A4529A65FA800B6BE3E /* Sources */ = {
			isa = PBXSourcesBuildPhase;
			buildActionMask = 2147483647;
			files = (
				897D8A4C29A65FA800B6BE3E /* UnitTestingSalwadorGenerateImageViewModel_Tests.swift in Sources */,
				89F7C06429A66BE30028DFCB /* GenerateImageViewModel.swift in Sources */,
				89F7C06929A66EF90028DFCB /* ImageGenerationResponsePayload.swift in Sources */,
				89F7C06529A66E580028DFCB /* APIJSONModel.swift in Sources */,
				89F7C06829A66EF70028DFCB /* ImageGenerationRequestPayload.swift in Sources */,
				89F7C06729A66E700028DFCB /* GenerateImageService.swift in Sources */,
				89F7C06629A66E5D0028DFCB /* FileManagerService.swift in Sources */,
			);
			runOnlyForDeploymentPostprocessing = 0;
		};
		8984FD8829A647E600749ACD /* Sources */ = {
			isa = PBXSourcesBuildPhase;
			buildActionMask = 2147483647;
			files = (
				8984FD8F29A647E600749ACD /* UnitTestingSalwadorFilemanager_Tests.swift in Sources */,
				8984FD9529A6488C00749ACD /* FileManagerService.swift in Sources */,
				89E01FC829B23B5C00DF0135 /* APIJSONModel.swift in Sources */,
			);
			runOnlyForDeploymentPostprocessing = 0;
		};
		89AE837F2989066F00683743 /* Sources */ = {
			isa = PBXSourcesBuildPhase;
			buildActionMask = 2147483647;
			files = (
				89A7E5D929ACFB7800A25AAF /* Photo.swift in Sources */,
				892D5F0829924C54002D0248 /* GenerateImageService.swift in Sources */,
				89AE0E0A299E7279005DAEA5 /* GenerateImageView.swift in Sources */,
				89F7C07529A90F6C0028DFCB /* AppNavigationView.swift in Sources */,
				89A7E5DE29B0998000A25AAF /* GenerateImageView+LoadingView.swift in Sources */,
				8984FD7829A6457D00749ACD /* ImageGenerationRequestPayload.swift in Sources */,
				8984FD7929A6457D00749ACD /* APIJSONModel.swift in Sources */,
				89AE83872989066F00683743 /* SalwadorApp.swift in Sources */,
				89F7C07129A799DC0028DFCB /* GenerateSampleImageView.swift in Sources */,
				894FD6F929A4FB390078233F /* FileManagerService.swift in Sources */,
				89A7E5D729ACF65100A25AAF /* SamplePromptGenerationService.swift in Sources */,
				89A7E5DB29ACFC7400A25AAF /* PopListView.swift in Sources */,
				8984FD7A29A6457D00749ACD /* ImageGenerationResponsePayload.swift in Sources */,
				89AE0E05299E6FBC005DAEA5 /* GenerateImageViewModel.swift in Sources */,
			);
			runOnlyForDeploymentPostprocessing = 0;
		};
/* End PBXSourcesBuildPhase section */

/* Begin PBXTargetDependency section */
		897D8A4E29A65FA800B6BE3E /* PBXTargetDependency */ = {
			isa = PBXTargetDependency;
			target = 89AE83822989066F00683743 /* Salwador */;
			targetProxy = 897D8A4D29A65FA800B6BE3E /* PBXContainerItemProxy */;
		};
		8984FD9129A647E600749ACD /* PBXTargetDependency */ = {
			isa = PBXTargetDependency;
			target = 89AE83822989066F00683743 /* Salwador */;
			targetProxy = 8984FD9029A647E600749ACD /* PBXContainerItemProxy */;
		};
/* End PBXTargetDependency section */

/* Begin XCBuildConfiguration section */
		897D8A5029A65FA800B6BE3E /* Debug */ = {
			isa = XCBuildConfiguration;
			buildSettings = {
				BUNDLE_LOADER = "$(TEST_HOST)";
				CODE_SIGN_STYLE = Automatic;
				CURRENT_PROJECT_VERSION = 1;
				DEVELOPMENT_TEAM = B5U3HK8MWP;
				GENERATE_INFOPLIST_FILE = YES;
				IPHONEOS_DEPLOYMENT_TARGET = 16.2;
				MARKETING_VERSION = 1.0;
				PRODUCT_BUNDLE_IDENTIFIER = "com.diconium.UnitTestingSalwadorGenerateImageViewModel-Tests";
				"PRODUCT_BUNDLE_IDENTIFIER[sdk=iphoneos*]" = "com.diconium.salvador.ali--com.diconium.salvador.ali--com.diconium.salvador.ali--";
				PRODUCT_NAME = "$(TARGET_NAME)";
				SDKROOT = iphoneos;
				SWIFT_EMIT_LOC_STRINGS = NO;
				SWIFT_VERSION = 5.0;
				TARGETED_DEVICE_FAMILY = "1,2";
				TEST_HOST = "$(BUILT_PRODUCTS_DIR)/Salwador.app/$(BUNDLE_EXECUTABLE_FOLDER_PATH)/Salwador";
			};
			name = Debug;
		};
		897D8A5129A65FA800B6BE3E /* Release */ = {
			isa = XCBuildConfiguration;
			buildSettings = {
				BUNDLE_LOADER = "$(TEST_HOST)";
				CODE_SIGN_STYLE = Automatic;
				CURRENT_PROJECT_VERSION = 1;
				DEVELOPMENT_TEAM = B5U3HK8MWP;
				GENERATE_INFOPLIST_FILE = YES;
				IPHONEOS_DEPLOYMENT_TARGET = 16.2;
				MARKETING_VERSION = 1.0;
				PRODUCT_BUNDLE_IDENTIFIER = "com.diconium.UnitTestingSalwadorGenerateImageViewModel-Tests";
				"PRODUCT_BUNDLE_IDENTIFIER[sdk=iphoneos*]" = "com.diconium.salvador.ali--com.diconium.salvador.ali--com.diconium.salvador.ali--";
				PRODUCT_NAME = "$(TARGET_NAME)";
				SDKROOT = iphoneos;
				SWIFT_EMIT_LOC_STRINGS = NO;
				SWIFT_VERSION = 5.0;
				TARGETED_DEVICE_FAMILY = "1,2";
				TEST_HOST = "$(BUILT_PRODUCTS_DIR)/Salwador.app/$(BUNDLE_EXECUTABLE_FOLDER_PATH)/Salwador";
				VALIDATE_PRODUCT = YES;
			};
			name = Release;
		};
		8984FD9329A647E600749ACD /* Debug */ = {
			isa = XCBuildConfiguration;
			buildSettings = {
				BUNDLE_LOADER = "$(TEST_HOST)";
				CODE_SIGN_STYLE = Automatic;
				CURRENT_PROJECT_VERSION = 1;
				DEVELOPMENT_TEAM = B5U3HK8MWP;
				GENERATE_INFOPLIST_FILE = YES;
				IPHONEOS_DEPLOYMENT_TARGET = 16.2;
				MARKETING_VERSION = 1.0;
				PRODUCT_BUNDLE_IDENTIFIER = "com.diconium.UnitTestingSalwadorFilemanager-Tests";
				"PRODUCT_BUNDLE_IDENTIFIER[sdk=iphoneos*]" = "com.diconium.salvador.ali--com.diconium.salvador.ali--com.diconium.salvador.ali--";
				PRODUCT_NAME = "$(TARGET_NAME)";
				SDKROOT = iphoneos;
				SWIFT_EMIT_LOC_STRINGS = NO;
				SWIFT_VERSION = 5.0;
				TARGETED_DEVICE_FAMILY = "1,2";
				TEST_HOST = "$(BUILT_PRODUCTS_DIR)/Salwador.app/$(BUNDLE_EXECUTABLE_FOLDER_PATH)/Salwador";
			};
			name = Debug;
		};
		8984FD9429A647E600749ACD /* Release */ = {
			isa = XCBuildConfiguration;
			buildSettings = {
				BUNDLE_LOADER = "$(TEST_HOST)";
				CODE_SIGN_STYLE = Automatic;
				CURRENT_PROJECT_VERSION = 1;
				DEVELOPMENT_TEAM = B5U3HK8MWP;
				GENERATE_INFOPLIST_FILE = YES;
				IPHONEOS_DEPLOYMENT_TARGET = 16.2;
				MARKETING_VERSION = 1.0;
				PRODUCT_BUNDLE_IDENTIFIER = "com.diconium.UnitTestingSalwadorFilemanager-Tests";
				"PRODUCT_BUNDLE_IDENTIFIER[sdk=iphoneos*]" = "com.diconium.salvador.ali--com.diconium.salvador.ali--com.diconium.salvador.ali--";
				PRODUCT_NAME = "$(TARGET_NAME)";
				SDKROOT = iphoneos;
				SWIFT_EMIT_LOC_STRINGS = NO;
				SWIFT_VERSION = 5.0;
				TARGETED_DEVICE_FAMILY = "1,2";
				TEST_HOST = "$(BUILT_PRODUCTS_DIR)/Salwador.app/$(BUNDLE_EXECUTABLE_FOLDER_PATH)/Salwador";
				VALIDATE_PRODUCT = YES;
			};
			name = Release;
		};
		89AE83A62989067100683743 /* Debug */ = {
			isa = XCBuildConfiguration;
			buildSettings = {
				ALWAYS_SEARCH_USER_PATHS = NO;
				CLANG_ANALYZER_NONNULL = YES;
				CLANG_ANALYZER_NUMBER_OBJECT_CONVERSION = YES_AGGRESSIVE;
				CLANG_CXX_LANGUAGE_STANDARD = "gnu++20";
				CLANG_ENABLE_MODULES = YES;
				CLANG_ENABLE_OBJC_ARC = YES;
				CLANG_ENABLE_OBJC_WEAK = YES;
				CLANG_WARN_BLOCK_CAPTURE_AUTORELEASING = YES;
				CLANG_WARN_BOOL_CONVERSION = YES;
				CLANG_WARN_COMMA = YES;
				CLANG_WARN_CONSTANT_CONVERSION = YES;
				CLANG_WARN_DEPRECATED_OBJC_IMPLEMENTATIONS = YES;
				CLANG_WARN_DIRECT_OBJC_ISA_USAGE = YES_ERROR;
				CLANG_WARN_DOCUMENTATION_COMMENTS = YES;
				CLANG_WARN_EMPTY_BODY = YES;
				CLANG_WARN_ENUM_CONVERSION = YES;
				CLANG_WARN_INFINITE_RECURSION = YES;
				CLANG_WARN_INT_CONVERSION = YES;
				CLANG_WARN_NON_LITERAL_NULL_CONVERSION = YES;
				CLANG_WARN_OBJC_IMPLICIT_RETAIN_SELF = YES;
				CLANG_WARN_OBJC_LITERAL_CONVERSION = YES;
				CLANG_WARN_OBJC_ROOT_CLASS = YES_ERROR;
				CLANG_WARN_QUOTED_INCLUDE_IN_FRAMEWORK_HEADER = YES;
				CLANG_WARN_RANGE_LOOP_ANALYSIS = YES;
				CLANG_WARN_STRICT_PROTOTYPES = YES;
				CLANG_WARN_SUSPICIOUS_MOVE = YES;
				CLANG_WARN_UNGUARDED_AVAILABILITY = YES_AGGRESSIVE;
				CLANG_WARN_UNREACHABLE_CODE = YES;
				CLANG_WARN__DUPLICATE_METHOD_MATCH = YES;
				COPY_PHASE_STRIP = NO;
				DEBUG_INFORMATION_FORMAT = dwarf;
				ENABLE_STRICT_OBJC_MSGSEND = YES;
				ENABLE_TESTABILITY = YES;
				GCC_C_LANGUAGE_STANDARD = gnu11;
				GCC_DYNAMIC_NO_PIC = NO;
				GCC_NO_COMMON_BLOCKS = YES;
				GCC_OPTIMIZATION_LEVEL = 0;
				GCC_PREPROCESSOR_DEFINITIONS = (
					"DEBUG=1",
					"$(inherited)",
				);
				GCC_WARN_64_TO_32_BIT_CONVERSION = YES;
				GCC_WARN_ABOUT_RETURN_TYPE = YES_ERROR;
				GCC_WARN_UNDECLARED_SELECTOR = YES;
				GCC_WARN_UNINITIALIZED_AUTOS = YES_AGGRESSIVE;
				GCC_WARN_UNUSED_FUNCTION = YES;
				GCC_WARN_UNUSED_VARIABLE = YES;
				IPHONEOS_DEPLOYMENT_TARGET = 14.0;
				MTL_ENABLE_DEBUG_INFO = INCLUDE_SOURCE;
				MTL_FAST_MATH = YES;
				NSAppTransportSecurity = "";
				ONLY_ACTIVE_ARCH = YES;
				SWIFT_ACTIVE_COMPILATION_CONDITIONS = DEBUG;
				SWIFT_OPTIMIZATION_LEVEL = "-Onone";
			};
			name = Debug;
		};
		89AE83A72989067100683743 /* Release */ = {
			isa = XCBuildConfiguration;
			buildSettings = {
				ALWAYS_SEARCH_USER_PATHS = NO;
				CLANG_ANALYZER_NONNULL = YES;
				CLANG_ANALYZER_NUMBER_OBJECT_CONVERSION = YES_AGGRESSIVE;
				CLANG_CXX_LANGUAGE_STANDARD = "gnu++20";
				CLANG_ENABLE_MODULES = YES;
				CLANG_ENABLE_OBJC_ARC = YES;
				CLANG_ENABLE_OBJC_WEAK = YES;
				CLANG_WARN_BLOCK_CAPTURE_AUTORELEASING = YES;
				CLANG_WARN_BOOL_CONVERSION = YES;
				CLANG_WARN_COMMA = YES;
				CLANG_WARN_CONSTANT_CONVERSION = YES;
				CLANG_WARN_DEPRECATED_OBJC_IMPLEMENTATIONS = YES;
				CLANG_WARN_DIRECT_OBJC_ISA_USAGE = YES_ERROR;
				CLANG_WARN_DOCUMENTATION_COMMENTS = YES;
				CLANG_WARN_EMPTY_BODY = YES;
				CLANG_WARN_ENUM_CONVERSION = YES;
				CLANG_WARN_INFINITE_RECURSION = YES;
				CLANG_WARN_INT_CONVERSION = YES;
				CLANG_WARN_NON_LITERAL_NULL_CONVERSION = YES;
				CLANG_WARN_OBJC_IMPLICIT_RETAIN_SELF = YES;
				CLANG_WARN_OBJC_LITERAL_CONVERSION = YES;
				CLANG_WARN_OBJC_ROOT_CLASS = YES_ERROR;
				CLANG_WARN_QUOTED_INCLUDE_IN_FRAMEWORK_HEADER = YES;
				CLANG_WARN_RANGE_LOOP_ANALYSIS = YES;
				CLANG_WARN_STRICT_PROTOTYPES = YES;
				CLANG_WARN_SUSPICIOUS_MOVE = YES;
				CLANG_WARN_UNGUARDED_AVAILABILITY = YES_AGGRESSIVE;
				CLANG_WARN_UNREACHABLE_CODE = YES;
				CLANG_WARN__DUPLICATE_METHOD_MATCH = YES;
				COPY_PHASE_STRIP = NO;
				DEBUG_INFORMATION_FORMAT = "dwarf-with-dsym";
				ENABLE_NS_ASSERTIONS = NO;
				ENABLE_STRICT_OBJC_MSGSEND = YES;
				GCC_C_LANGUAGE_STANDARD = gnu11;
				GCC_NO_COMMON_BLOCKS = YES;
				GCC_WARN_64_TO_32_BIT_CONVERSION = YES;
				GCC_WARN_ABOUT_RETURN_TYPE = YES_ERROR;
				GCC_WARN_UNDECLARED_SELECTOR = YES;
				GCC_WARN_UNINITIALIZED_AUTOS = YES_AGGRESSIVE;
				GCC_WARN_UNUSED_FUNCTION = YES;
				GCC_WARN_UNUSED_VARIABLE = YES;
				IPHONEOS_DEPLOYMENT_TARGET = 14.0;
				MTL_ENABLE_DEBUG_INFO = NO;
				MTL_FAST_MATH = YES;
				NSAppTransportSecurity = "";
				"NSAppTransportSecurity[sdk=iphonesimulator*]" = "";
				SWIFT_COMPILATION_MODE = wholemodule;
				SWIFT_OPTIMIZATION_LEVEL = "-O";
			};
			name = Release;
		};
		89AE83A92989067100683743 /* Debug */ = {
			isa = XCBuildConfiguration;
			buildSettings = {
				ASSETCATALOG_COMPILER_APPICON_NAME = AppIcon;
				ASSETCATALOG_COMPILER_GLOBAL_ACCENT_COLOR_NAME = AccentColor;
				ASSETCATALOG_COMPILER_INCLUDE_ALL_APPICON_ASSETS = YES;
				CODE_SIGN_ENTITLEMENTS = Salwador/Salwador.entitlements;
				"CODE_SIGN_IDENTITY[sdk=macosx*]" = "-";
				CODE_SIGN_STYLE = Automatic;
				CURRENT_PROJECT_VERSION = 1;
				DEVELOPMENT_ASSET_PATHS = "\"Salwador/Preview Content\"";
				DEVELOPMENT_TEAM = H7856N8BHP;
				ENABLE_PREVIEWS = YES;
				GENERATE_INFOPLIST_FILE = YES;
				INFOPLIST_FILE = Salwador/Info.plist;
				INFOPLIST_KEY_LSApplicationCategoryType = "public.app-category.lifestyle";
				INFOPLIST_KEY_NSPhotoLibraryAddUsageDescription = "";
				"INFOPLIST_KEY_UIApplicationSceneManifest_Generation[sdk=iphoneos*]" = YES;
				"INFOPLIST_KEY_UIApplicationSceneManifest_Generation[sdk=iphonesimulator*]" = YES;
				"INFOPLIST_KEY_UIApplicationSupportsIndirectInputEvents[sdk=iphoneos*]" = YES;
				"INFOPLIST_KEY_UIApplicationSupportsIndirectInputEvents[sdk=iphonesimulator*]" = YES;
				"INFOPLIST_KEY_UILaunchScreen_Generation[sdk=iphoneos*]" = YES;
				"INFOPLIST_KEY_UILaunchScreen_Generation[sdk=iphonesimulator*]" = YES;
				INFOPLIST_KEY_UILaunchStoryboardName = LaunchScreen.storyboard;
				INFOPLIST_KEY_UIRequiresFullScreen = YES;
				INFOPLIST_KEY_UIStatusBarStyle = "";
				"INFOPLIST_KEY_UIStatusBarStyle[sdk=iphoneos*]" = UIStatusBarStyleDefault;
				"INFOPLIST_KEY_UIStatusBarStyle[sdk=iphonesimulator*]" = UIStatusBarStyleDefault;
				INFOPLIST_KEY_UISupportedInterfaceOrientations = "UIInterfaceOrientationPortrait UIInterfaceOrientationPortraitUpsideDown";
				IPHONEOS_DEPLOYMENT_TARGET = 16.2;
				LD_RUNPATH_SEARCH_PATHS = "@executable_path/Frameworks";
				"LD_RUNPATH_SEARCH_PATHS[sdk=macosx*]" = "@executable_path/../Frameworks";
				MACOSX_DEPLOYMENT_TARGET = 12.6;
				MARKETING_VERSION = 1.0;
				PRODUCT_BUNDLE_IDENTIFIER = com.diconium.salvador.ali;
				PRODUCT_NAME = "$(TARGET_NAME)";
				SDKROOT = auto;
				SUPPORTED_PLATFORMS = "iphoneos iphonesimulator";
				SUPPORTS_MACCATALYST = NO;
				SUPPORTS_MAC_DESIGNED_FOR_IPHONE_IPAD = NO;
				SWIFT_EMIT_LOC_STRINGS = YES;
				SWIFT_VERSION = 5.0;
				TARGETED_DEVICE_FAMILY = "1,2";
			};
			name = Debug;
		};
		89AE83AA2989067100683743 /* Release */ = {
			isa = XCBuildConfiguration;
			buildSettings = {
				ASSETCATALOG_COMPILER_APPICON_NAME = AppIcon;
				ASSETCATALOG_COMPILER_GLOBAL_ACCENT_COLOR_NAME = AccentColor;
				ASSETCATALOG_COMPILER_INCLUDE_ALL_APPICON_ASSETS = YES;
				CODE_SIGN_ENTITLEMENTS = Salwador/Salwador.entitlements;
				"CODE_SIGN_IDENTITY[sdk=macosx*]" = "-";
				CODE_SIGN_STYLE = Automatic;
				CURRENT_PROJECT_VERSION = 1;
				DEVELOPMENT_ASSET_PATHS = "\"Salwador/Preview Content\"";
				DEVELOPMENT_TEAM = H7856N8BHP;
				ENABLE_PREVIEWS = YES;
				GENERATE_INFOPLIST_FILE = YES;
				INFOPLIST_FILE = Salwador/Info.plist;
				INFOPLIST_KEY_LSApplicationCategoryType = "public.app-category.lifestyle";
				INFOPLIST_KEY_NSPhotoLibraryAddUsageDescription = "";
				"INFOPLIST_KEY_UIApplicationSceneManifest_Generation[sdk=iphoneos*]" = YES;
				"INFOPLIST_KEY_UIApplicationSceneManifest_Generation[sdk=iphonesimulator*]" = YES;
				"INFOPLIST_KEY_UIApplicationSupportsIndirectInputEvents[sdk=iphoneos*]" = YES;
				"INFOPLIST_KEY_UIApplicationSupportsIndirectInputEvents[sdk=iphonesimulator*]" = YES;
				"INFOPLIST_KEY_UILaunchScreen_Generation[sdk=iphoneos*]" = YES;
				"INFOPLIST_KEY_UILaunchScreen_Generation[sdk=iphonesimulator*]" = YES;
				INFOPLIST_KEY_UILaunchStoryboardName = LaunchScreen.storyboard;
				INFOPLIST_KEY_UIRequiresFullScreen = YES;
				INFOPLIST_KEY_UIStatusBarStyle = "";
				"INFOPLIST_KEY_UIStatusBarStyle[sdk=iphoneos*]" = UIStatusBarStyleDefault;
				"INFOPLIST_KEY_UIStatusBarStyle[sdk=iphonesimulator*]" = UIStatusBarStyleDefault;
				INFOPLIST_KEY_UISupportedInterfaceOrientations = "UIInterfaceOrientationPortrait UIInterfaceOrientationPortraitUpsideDown";
				IPHONEOS_DEPLOYMENT_TARGET = 16.2;
				LD_RUNPATH_SEARCH_PATHS = "@executable_path/Frameworks";
				"LD_RUNPATH_SEARCH_PATHS[sdk=macosx*]" = "@executable_path/../Frameworks";
				MACOSX_DEPLOYMENT_TARGET = 12.6;
				MARKETING_VERSION = 1.0;
				PRODUCT_BUNDLE_IDENTIFIER = com.diconium.salvador.ali;
				PRODUCT_NAME = "$(TARGET_NAME)";
				SDKROOT = auto;
				SUPPORTED_PLATFORMS = "iphoneos iphonesimulator";
				SUPPORTS_MACCATALYST = NO;
				SUPPORTS_MAC_DESIGNED_FOR_IPHONE_IPAD = NO;
				SWIFT_EMIT_LOC_STRINGS = YES;
				SWIFT_VERSION = 5.0;
				TARGETED_DEVICE_FAMILY = "1,2";
			};
			name = Release;
		};
/* End XCBuildConfiguration section */

/* Begin XCConfigurationList section */
		897D8A4F29A65FA800B6BE3E /* Build configuration list for PBXNativeTarget "UnitTestingSalwadorGenerateImageViewModel_Tests" */ = {
			isa = XCConfigurationList;
			buildConfigurations = (
				897D8A5029A65FA800B6BE3E /* Debug */,
				897D8A5129A65FA800B6BE3E /* Release */,
			);
			defaultConfigurationIsVisible = 0;
			defaultConfigurationName = Release;
		};
		8984FD9229A647E600749ACD /* Build configuration list for PBXNativeTarget "UnitTestingSalwadorFilemanager_Tests" */ = {
			isa = XCConfigurationList;
			buildConfigurations = (
				8984FD9329A647E600749ACD /* Debug */,
				8984FD9429A647E600749ACD /* Release */,
			);
			defaultConfigurationIsVisible = 0;
			defaultConfigurationName = Release;
		};
		89AE837E2989066F00683743 /* Build configuration list for PBXProject "Salwador" */ = {
			isa = XCConfigurationList;
			buildConfigurations = (
				89AE83A62989067100683743 /* Debug */,
				89AE83A72989067100683743 /* Release */,
			);
			defaultConfigurationIsVisible = 0;
			defaultConfigurationName = Release;
		};
		89AE83A82989067100683743 /* Build configuration list for PBXNativeTarget "Salwador" */ = {
			isa = XCConfigurationList;
			buildConfigurations = (
				89AE83A92989067100683743 /* Debug */,
				89AE83AA2989067100683743 /* Release */,
			);
			defaultConfigurationIsVisible = 0;
			defaultConfigurationName = Release;
		};
/* End XCConfigurationList section */
	};
	rootObject = 89AE837B2989066F00683743 /* Project object */;
}
